
Microsoft Visual Studio Solution File, Format Version 12.00
# Visual Studio Version 17
VisualStudioVersion = 17.11.35303.130
MinimumVisualStudioVersion = 10.0.40219.1
Project("{FAE04EC0-301F-11D3-BF4B-00C04F79EFBC}") = "MS_PAINT_MIDTERM", "MS_PAINT_MIDTERM\MS_PAINT_MIDTERM.csproj", "{2E0B189A-02C1-45C3-BE11-32BB5944E978}"
EndProject
Global
	GlobalSection(SolutionConfigurationPlatforms) = preSolution
		Debug|Any CPU = Debug|Any CPU
		Release|Any CPU = Release|Any CPU
	EndGlobalSection
	GlobalSection(ProjectConfigurationPlatforms) = postSolution
		{2E0B189A-02C1-45C3-BE11-32BB5944E978}.Debug|Any CPU.ActiveCfg = Debug|Any CPU
		{2E0B189A-02C1-45C3-BE11-32BB5944E978}.Debug|Any CPU.Build.0 = Debug|Any CPU
		{2E0B189A-02C1-45C3-BE11-32BB5944E978}.Release|Any CPU.ActiveCfg = Release|Any CPU
		{2E0B189A-02C1-45C3-BE11-32BB5944E978}.Release|Any CPU.Build.0 = Release|Any CPU
	EndGlobalSection
	GlobalSection(SolutionProperties) = preSolution
		HideSolutionNode = FALSE
	EndGlobalSection
	GlobalSection(ExtensibilityGlobals) = postSolution
		SolutionGuid = {E54A5B75-0103-4010-93D4-293A67A524E0}
	EndGlobalSection
EndGlobal
